Microsoft Visual Studio Solution File, Format Version 12.00
# Visual Studio Version 17
VisualStudioVersion = 17.5.2.0
MinimumVisualStudioVersion = 10.0.40219.1
Project("{FAE04EC0-301F-11D3-BF4B-00C04F79EFBC}") = "morpion", "morpion\morpion.csproj", "{7AB2FCB7-3D42-55AB-DE37-2F84A3044EBD}"
EndProject
Global
	GlobalSection(SolutionConfigurationPlatforms) = preSolution
		Debug|Any CPU = Debug|Any CPU
		Release|Any CPU = Release|Any CPU
	EndGlobalSection
	GlobalSection(ProjectConfigurationPlatforms) = postSolution
		{7AB2FCB7-3D42-55AB-DE37-2F84A3044EBD}.Debug|Any CPU.ActiveCfg = Debug|Any CPU
		{7AB2FCB7-3D42-55AB-DE37-2F84A3044EBD}.Debug|Any CPU.Build.0 = Debug|Any CPU
		{7AB2FCB7-3D42-55AB-DE37-2F84A3044EBD}.Release|Any CPU.ActiveCfg = Release|Any CPU
		{7AB2FCB7-3D42-55AB-DE37-2F84A3044EBD}.Release|Any CPU.Build.0 = Release|Any CPU
	EndGlobalSection
	GlobalSection(SolutionProperties) = preSolution
		HideSolutionNode = FALSE
	EndGlobalSection
	GlobalSection(ExtensibilityGlobals) = postSolution
		SolutionGuid = {75D6D506-9027-42FA-B8A5-D391091D5A8B}
	EndGlobalSection
EndGlobal
